
Microsoft Visual Studio Solution File, Format Version 12.00
# Visual Studio 15
VisualStudioVersion = 15.0.28307.489
MinimumVisualStudioVersion = 10.0.40219.1
Project("{2150E333-8FDC-42A3-9474-1A3956D46DE8}") = "Microservices", "Microservices", "{3469377A-37FC-4282-A053-E8803158DF61}"
EndProject
Project("{2150E333-8FDC-42A3-9474-1A3956D46DE8}") = "Domain", "Domain", "{C51A1207-C636-4A10-A450-B60C6E4F8E26}"
EndProject
Project("{2150E333-8FDC-42A3-9474-1A3956D46DE8}") = "Infra.Bus", "Infra.Bus", "{9B9849F8-E839-4429-8393-0AF9A9D51251}"
EndProject
Project("{2150E333-8FDC-42A3-9474-1A3956D46DE8}") = "Infra.IoC", "Infra.IoC", "{CC309C41-2151-478F-A493-AF0DFEC40E2A}"
EndProject
Project("{2150E333-8FDC-42A3-9474-1A3956D46DE8}") = "Presentation", "Presentation", "{FDF7D1BA-91F2-467C-8D81-3BE3AE4EBA7C}"
EndProject
Project("{9A19103F-16F7-4668-BE54-9A1E7A4F7556}") = "MicroRabbit.Domain.Core", "MicroRabbit.Domain.Core\MicroRabbit.Domain.Core.csproj", "{68714B5F-98CF-4029-B158-739E2395825C}"
EndProject
Project("{FAE04EC0-301F-11D3-BF4B-00C04F79EFBC}") = "MicroRabbit.Infra.Bus", "MicroRabbit.Infra.Bus\MicroRabbit.Infra.Bus.csproj", "{E774F82A-343D-4F47-8095-E76F714FF8C5}"
EndProject
Project("{FAE04EC0-301F-11D3-BF4B-00C04F79EFBC}") = "MicroRabbit.Infra.IoC", "MicroRabbit.Infra.IoC\MicroRabbit.Infra.IoC.csproj", "{3C6DBF11-2FB5-490D-BD6F-1A74A68B7245}"
EndProject
Project("{2150E333-8FDC-42A3-9474-1A3956D46DE8}") = "Banking", "Banking", "{1C118061-6520-446D-BBE7-93A2494CA239}"
EndProject
Project("{2150E333-8FDC-42A3-9474-1A3956D46DE8}") = "Api", "Api", "{B84FF85D-AA4E-4D62-8D3D-6599740288A4}"
EndProject
Project("{2150E333-8FDC-42A3-9474-1A3956D46DE8}") = "Domain", "Domain", "{4DB0E05C-05CE-4C1D-B7F1-CB022D8604D5}"
EndProject
Project("{2150E333-8FDC-42A3-9474-1A3956D46DE8}") = "Application", "Application", "{ACE25745-6C8B-46DA-AC3F-14C52DAE575B}"
EndProject
Project("{2150E333-8FDC-42A3-9474-1A3956D46DE8}") = "Data", "Data", "{51BCBDB7-B164-45DB-8A5D-E7AA59A83739}"
EndProject
Project("{FAE04EC0-301F-11D3-BF4B-00C04F79EFBC}") = "MicroRabbit.Banking.Api", "MicroRabbit.Banking.Api\MicroRabbit.Banking.Api.csproj", "{9C9C90E5-609C-47A0-8A87-E139A7C2D0F4}"
EndProject
Project("{FAE04EC0-301F-11D3-BF4B-00C04F79EFBC}") = "MicroRabbit.Banking.Application", "MicroRabbit.Banking.Application\MicroRabbit.Banking.Application.csproj", "{441222D8-16C0-4A44-8A6E-A3A5EE39D4FF}"
EndProject
Project("{FAE04EC0-301F-11D3-BF4B-00C04F79EFBC}") = "MicroRabbit.Banking.Data", "MicroRabbit.Banking.Data\MicroRabbit.Banking.Data.csproj", "{D0CBFBBE-8CA0-47C6-969A-0D4310A10703}"
EndProject
Project("{FAE04EC0-301F-11D3-BF4B-00C04F79EFBC}") = "MicroRabbit.Banking.Domain", "MicroRabbit.Banking.Domain\MicroRabbit.Banking.Domain.csproj", "{E3602858-B6BD-463D-AAC2-ABE036B1582D}"
EndProject
Global
	GlobalSection(SolutionConfigurationPlatforms) = preSolution
		Debug|Any CPU = Debug|Any CPU
		Release|Any CPU = Release|Any CPU
	EndGlobalSection
	GlobalSection(ProjectConfigurationPlatforms) = postSolution
		{68714B5F-98CF-4029-B158-739E2395825C}.Debug|Any CPU.ActiveCfg = Debug|Any CPU
		{68714B5F-98CF-4029-B158-739E2395825C}.Debug|Any CPU.Build.0 = Debug|Any CPU
		{68714B5F-98CF-4029-B158-739E2395825C}.Release|Any CPU.ActiveCfg = Release|Any CPU
		{68714B5F-98CF-4029-B158-739E2395825C}.Release|Any CPU.Build.0 = Release|Any CPU
		{E774F82A-343D-4F47-8095-E76F714FF8C5}.Debug|Any CPU.ActiveCfg = Debug|Any CPU
		{E774F82A-343D-4F47-8095-E76F714FF8C5}.Debug|Any CPU.Build.0 = Debug|Any CPU
		{E774F82A-343D-4F47-8095-E76F714FF8C5}.Release|Any CPU.ActiveCfg = Release|Any CPU
		{E774F82A-343D-4F47-8095-E76F714FF8C5}.Release|Any CPU.Build.0 = Release|Any CPU
		{3C6DBF11-2FB5-490D-BD6F-1A74A68B7245}.Debug|Any CPU.ActiveCfg = Debug|Any CPU
		{3C6DBF11-2FB5-490D-BD6F-1A74A68B7245}.Debug|Any CPU.Build.0 = Debug|Any CPU
		{3C6DBF11-2FB5-490D-BD6F-1A74A68B7245}.Release|Any CPU.ActiveCfg = Release|Any CPU
		{3C6DBF11-2FB5-490D-BD6F-1A74A68B7245}.Release|Any CPU.Build.0 = Release|Any CPU
		{9C9C90E5-609C-47A0-8A87-E139A7C2D0F4}.Debug|Any CPU.ActiveCfg = Debug|Any CPU
		{9C9C90E5-609C-47A0-8A87-E139A7C2D0F4}.Debug|Any CPU.Build.0 = Debug|Any CPU
		{9C9C90E5-609C-47A0-8A87-E139A7C2D0F4}.Release|Any CPU.ActiveCfg = Release|Any CPU
		{9C9C90E5-609C-47A0-8A87-E139A7C2D0F4}.Release|Any CPU.Build.0 = Release|Any CPU
		{441222D8-16C0-4A44-8A6E-A3A5EE39D4FF}.Debug|Any CPU.ActiveCfg = Debug|Any CPU
		{441222D8-16C0-4A44-8A6E-A3A5EE39D4FF}.Debug|Any CPU.Build.0 = Debug|Any CPU
		{441222D8-16C0-4A44-8A6E-A3A5EE39D4FF}.Release|Any CPU.ActiveCfg = Release|Any CPU
		{441222D8-16C0-4A44-8A6E-A3A5EE39D4FF}.Release|Any CPU.Build.0 = Release|Any CPU
		{D0CBFBBE-8CA0-47C6-969A-0D4310A10703}.Debug|Any CPU.ActiveCfg = Debug|Any CPU
		{D0CBFBBE-8CA0-47C6-969A-0D4310A10703}.Debug|Any CPU.Build.0 = Debug|Any CPU
		{D0CBFBBE-8CA0-47C6-969A-0D4310A10703}.Release|Any CPU.ActiveCfg = Release|Any CPU
		{D0CBFBBE-8CA0-47C6-969A-0D4310A10703}.Release|Any CPU.Build.0 = Release|Any CPU
		{E3602858-B6BD-463D-AAC2-ABE036B1582D}.Debug|Any CPU.ActiveCfg = Debug|Any CPU
		{E3602858-B6BD-463D-AAC2-ABE036B1582D}.Debug|Any CPU.Build.0 = Debug|Any CPU
		{E3602858-B6BD-463D-AAC2-ABE036B1582D}.Release|Any CPU.ActiveCfg = Release|Any CPU
		{E3602858-B6BD-463D-AAC2-ABE036B1582D}.Release|Any CPU.Build.0 = Release|Any CPU
	EndGlobalSection
	GlobalSection(SolutionProperties) = preSolution
		HideSolutionNode = FALSE
	EndGlobalSection
	GlobalSection(NestedProjects) = preSolution
		{68714B5F-98CF-4029-B158-739E2395825C} = {C51A1207-C636-4A10-A450-B60C6E4F8E26}
		{E774F82A-343D-4F47-8095-E76F714FF8C5} = {9B9849F8-E839-4429-8393-0AF9A9D51251}
		{3C6DBF11-2FB5-490D-BD6F-1A74A68B7245} = {CC309C41-2151-478F-A493-AF0DFEC40E2A}
		{1C118061-6520-446D-BBE7-93A2494CA239} = {3469377A-37FC-4282-A053-E8803158DF61}
		{B84FF85D-AA4E-4D62-8D3D-6599740288A4} = {1C118061-6520-446D-BBE7-93A2494CA239}
		{4DB0E05C-05CE-4C1D-B7F1-CB022D8604D5} = {1C118061-6520-446D-BBE7-93A2494CA239}
		{ACE25745-6C8B-46DA-AC3F-14C52DAE575B} = {1C118061-6520-446D-BBE7-93A2494CA239}
		{51BCBDB7-B164-45DB-8A5D-E7AA59A83739} = {1C118061-6520-446D-BBE7-93A2494CA239}
		{9C9C90E5-609C-47A0-8A87-E139A7C2D0F4} = {B84FF85D-AA4E-4D62-8D3D-6599740288A4}
		{441222D8-16C0-4A44-8A6E-A3A5EE39D4FF} = {ACE25745-6C8B-46DA-AC3F-14C52DAE575B}
		{D0CBFBBE-8CA0-47C6-969A-0D4310A10703} = {51BCBDB7-B164-45DB-8A5D-E7AA59A83739}
		{E3602858-B6BD-463D-AAC2-ABE036B1582D} = {4DB0E05C-05CE-4C1D-B7F1-CB022D8604D5}
	EndGlobalSection
	GlobalSection(ExtensibilityGlobals) = postSolution
		SolutionGuid = {E7E913EB-2D2A-428E-A236-0683951B0140}
	EndGlobalSection
EndGlobal
